
Microsoft Visual Studio Solution File, Format Version 12.00
# Visual Studio Version 16
VisualStudioVersion = 16.0.31829.152
MinimumVisualStudioVersion = 10.0.40219.1
Project("{FAE04EC0-301F-11D3-BF4B-00C04F79EFBC}") = "adventofcode2021", "adventofcode2021\adventofcode2021.csproj", "{C751899F-B176-409C-A8EC-68C61D45BC84}"
EndProject
Global
	GlobalSection(SolutionConfigurationPlatforms) = preSolution
		Debug|Any CPU = Debug|Any CPU
		Release|Any CPU = Release|Any CPU
	EndGlobalSection
	GlobalSection(ProjectConfigurationPlatforms) = postSolution
		{C751899F-B176-409C-A8EC-68C61D45BC84}.Debug|Any CPU.ActiveCfg = Debug|Any CPU
		{C751899F-B176-409C-A8EC-68C61D45BC84}.Debug|Any CPU.Build.0 = Debug|Any CPU
		{C751899F-B176-409C-A8EC-68C61D45BC84}.Release|Any CPU.ActiveCfg = Release|Any CPU
		{C751899F-B176-409C-A8EC-68C61D45BC84}.Release|Any CPU.Build.0 = Release|Any CPU
	EndGlobalSection
	GlobalSection(SolutionProperties) = preSolution
		HideSolutionNode = FALSE
	EndGlobalSection
	GlobalSection(ExtensibilityGlobals) = postSolution
		SolutionGuid = {7E521DF4-7894-415F-ABAF-25DCB78A2000}
	EndGlobalSection
EndGlobal
